
Microsoft Visual Studio Solution File, Format Version 12.00
# Visual Studio Version 16
VisualStudioVersion = 16.0.30907.101
MinimumVisualStudioVersion = 10.0.40219.1
Project("{FAE04EC0-301F-11D3-BF4B-00C04F79EFBC}") = "Port Forwarder", "Port Forwarder\Port Forwarder.csproj", "{06FA55CD-D799-4473-947B-381A826DA8F5}"
EndProject
Global
	GlobalSection(SolutionConfigurationPlatforms) = preSolution
		Debug|Any CPU = Debug|Any CPU
		Release|Any CPU = Release|Any CPU
	EndGlobalSection
	GlobalSection(ProjectConfigurationPlatforms) = postSolution
		{06FA55CD-D799-4473-947B-381A826DA8F5}.Debug|Any CPU.ActiveCfg = Debug|Any CPU
		{06FA55CD-D799-4473-947B-381A826DA8F5}.Debug|Any CPU.Build.0 = Debug|Any CPU
		{06FA55CD-D799-4473-947B-381A826DA8F5}.Release|Any CPU.ActiveCfg = Release|Any CPU
		{06FA55CD-D799-4473-947B-381A826DA8F5}.Release|Any CPU.Build.0 = Release|Any CPU
	EndGlobalSection
	GlobalSection(SolutionProperties) = preSolution
		HideSolutionNode = FALSE
	EndGlobalSection
	GlobalSection(ExtensibilityGlobals) = postSolution
		SolutionGuid = {25D11FE6-AC56-418D-89D7-16C2E0E31EF2}
	EndGlobalSection
EndGlobal
